
Microsoft Visual Studio Solution File, Format Version 12.00
# Visual Studio Version 17
VisualStudioVersion = 17.8.34408.163
MinimumVisualStudioVersion = 10.0.40219.1
Project("{FAE04EC0-301F-11D3-BF4B-00C04F79EFBC}") = "VirtLab", "VirtLab.csproj", "{8EDCD4A6-F0AB-432D-84B0-A0CEF61379CA}"
EndProject
Project("{FAE04EC0-301F-11D3-BF4B-00C04F79EFBC}") = "Contracts", "..\Contracts\Contracts.csproj", "{A36682EB-E857-4946-A57D-5F553AC0C128}"
EndProject
Project("{FAE04EC0-301F-11D3-BF4B-00C04F79EFBC}") = "LoggerService", "..\LoggerService\LoggerService.csproj", "{4758A428-FA58-4DB0-AE64-3941FF8DAE3C}"
EndProject
Project("{FAE04EC0-301F-11D3-BF4B-00C04F79EFBC}") = "Entities", "..\Entities\Entities.csproj", "{4942A0C0-3CDF-4A0B-BF00-8E10C5CA7F85}"
EndProject
Project("{FAE04EC0-301F-11D3-BF4B-00C04F79EFBC}") = "Repository", "..\Repository\Repository.csproj", "{DCCA59EA-E74A-4574-A37D-0405809185C7}"
EndProject
Global
	GlobalSection(SolutionConfigurationPlatforms) = preSolution
		Debug|Any CPU = Debug|Any CPU
		Release|Any CPU = Release|Any CPU
	EndGlobalSection
	GlobalSection(ProjectConfigurationPlatforms) = postSolution
		{8EDCD4A6-F0AB-432D-84B0-A0CEF61379CA}.Debug|Any CPU.ActiveCfg = Debug|Any CPU
		{8EDCD4A6-F0AB-432D-84B0-A0CEF61379CA}.Debug|Any CPU.Build.0 = Debug|Any CPU
		{8EDCD4A6-F0AB-432D-84B0-A0CEF61379CA}.Release|Any CPU.ActiveCfg = Release|Any CPU
		{8EDCD4A6-F0AB-432D-84B0-A0CEF61379CA}.Release|Any CPU.Build.0 = Release|Any CPU
		{A36682EB-E857-4946-A57D-5F553AC0C128}.Debug|Any CPU.ActiveCfg = Debug|Any CPU
		{A36682EB-E857-4946-A57D-5F553AC0C128}.Debug|Any CPU.Build.0 = Debug|Any CPU
		{A36682EB-E857-4946-A57D-5F553AC0C128}.Release|Any CPU.ActiveCfg = Release|Any CPU
		{A36682EB-E857-4946-A57D-5F553AC0C128}.Release|Any CPU.Build.0 = Release|Any CPU
		{4758A428-FA58-4DB0-AE64-3941FF8DAE3C}.Debug|Any CPU.ActiveCfg = Debug|Any CPU
		{4758A428-FA58-4DB0-AE64-3941FF8DAE3C}.Debug|Any CPU.Build.0 = Debug|Any CPU
		{4758A428-FA58-4DB0-AE64-3941FF8DAE3C}.Release|Any CPU.ActiveCfg = Release|Any CPU
		{4758A428-FA58-4DB0-AE64-3941FF8DAE3C}.Release|Any CPU.Build.0 = Release|Any CPU
		{4942A0C0-3CDF-4A0B-BF00-8E10C5CA7F85}.Debug|Any CPU.ActiveCfg = Debug|Any CPU
		{4942A0C0-3CDF-4A0B-BF00-8E10C5CA7F85}.Debug|Any CPU.Build.0 = Debug|Any CPU
		{4942A0C0-3CDF-4A0B-BF00-8E10C5CA7F85}.Release|Any CPU.ActiveCfg = Release|Any CPU
		{4942A0C0-3CDF-4A0B-BF00-8E10C5CA7F85}.Release|Any CPU.Build.0 = Release|Any CPU
		{DCCA59EA-E74A-4574-A37D-0405809185C7}.Debug|Any CPU.ActiveCfg = Debug|Any CPU
		{DCCA59EA-E74A-4574-A37D-0405809185C7}.Debug|Any CPU.Build.0 = Debug|Any CPU
		{DCCA59EA-E74A-4574-A37D-0405809185C7}.Release|Any CPU.ActiveCfg = Release|Any CPU
		{DCCA59EA-E74A-4574-A37D-0405809185C7}.Release|Any CPU.Build.0 = Release|Any CPU
	EndGlobalSection
	GlobalSection(SolutionProperties) = preSolution
		HideSolutionNode = FALSE
	EndGlobalSection
	GlobalSection(ExtensibilityGlobals) = postSolution
		SolutionGuid = {0923D173-3609-45C9-93D1-1D16C797CCE7}
	EndGlobalSection
EndGlobal
